// !$*UTF8*$!
{
	archiveVersion = 1;
	classes = {
	};
	objectVersion = 50;
	objects = {

/* Begin PBXBuildFile section */
		D943185F2417A28B0015CB89 /* AppDelegate.swift in Sources */ = {isa = PBXBuildFile; fileRef = D943185E2417A28B0015CB89 /* AppDelegate.swift */; };
		D94318612417A28B0015CB89 /* SceneDelegate.swift in Sources */ = {isa = PBXBuildFile; fileRef = D94318602417A28B0015CB89 /* SceneDelegate.swift */; };
		D94318632417A28B0015CB89 /* ViewController.swift in Sources */ = {isa = PBXBuildFile; fileRef = D94318622417A28B0015CB89 /* ViewController.swift */; };
		D94318662417A28B0015CB89 /* Main.storyboard in Resources */ = {isa = PBXBuildFile; fileRef = D94318642417A28B0015CB89 /* Main.storyboard */; };
		D94318682417A28C0015CB89 /* Assets.xcassets in Resources */ = {isa = PBXBuildFile; fileRef = D94318672417A28C0015CB89 /* Assets.xcassets */; };
		D943186B2417A28C0015CB89 /* LaunchScreen.storyboard in Resources */ = {isa = PBXBuildFile; fileRef = D94318692417A28C0015CB89 /* LaunchScreen.storyboard */; };
/* End PBXBuildFile section */

/* Begin PBXFileReference section */
		D943185B2417A28B0015CB89 /* Challenge73BigAsPossibleSquare.app */ = {isa = PBXFileReference; explicitFileType = wrapper.application; includeInIndex = 0; path = Challenge73BigAsPossibleSquare.app; sourceTree = BUILT_PRODUCTS_DIR; };
		D943185E2417A28B0015CB89 /* AppDelegate.swift */ = {isa = PBXFileReference; lastKnownFileType = sourcecode.swift; path = AppDelegate.swift; sourceTree = "<group>"; };
		D94318602417A28B0015CB89 /* SceneDelegate.swift */ = {isa = PBXFileReference; lastKnownFileType = sourcecode.swift; path = SceneDelegate.swift; sourceTree = "<group>"; };
		D94318622417A28B0015CB89 /* ViewController.swift */ = {isa = PBXFileReference; lastKnownFileType = sourcecode.swift; path = ViewController.swift; sourceTree = "<group>"; };
		D94318652417A28B0015CB89 /* Base */ = {isa = PBXFileReference; lastKnownFileType = file.storyboard; name = Base; path = Base.lproj/Main.storyboard; sourceTree = "<group>"; };
		D94318672417A28C0015CB89 /* Assets.xcassets */ = {isa = PBXFileReference; lastKnownFileType = folder.assetcatalog; path = Assets.xcassets; sourceTree = "<group>"; };
		D943186A2417A28C0015CB89 /* Base */ = {isa = PBXFileReference; lastKnownFileType = file.storyboard; name = Base; path = Base.lproj/LaunchScreen.storyboard; sourceTree = "<group>"; };
		D943186C2417A28C0015CB89 /* Info.plist */ = {isa = PBXFileReference; lastKnownFileType = text.plist.xml; path = Info.plist; sourceTree = "<group>"; };
/* End PBXFileReference section */

/* Begin PBXFrameworksBuildPhase section */
		D94318582417A28B0015CB89 /* Frameworks */ = {
			isa = PBXFrameworksBuildPhase;
			buildActionMask = 2147483647;
			files = (
			);
			runOnlyForDeploymentPostprocessing = 0;
		};
/* End PBXFrameworksBuildPhase section */

/* Begin PBXGroup section */
		D94318522417A28B0015CB89 = {
			isa = PBXGroup;
			children = (
				D943185D2417A28B0015CB89 /* Challenge73BigAsPossibleSquare */,
				D943185C2417A28B0015CB89 /* Products */,
			);
			sourceTree = "<group>";
		};
		D943185C2417A28B0015CB89 /* Products */ = {
			isa = PBXGroup;
			children = (
				D943185B2417A28B0015CB89 /* Challenge73BigAsPossibleSquare.app */,
			);
			name = Products;
			sourceTree = "<group>";
		};
		D943185D2417A28B0015CB89 /* Challenge73BigAsPossibleSquare */ = {
			isa = PBXGroup;
			children = (
				D943185E2417A28B0015CB89 /* AppDelegate.swift */,
				D94318602417A28B0015CB89 /* SceneDelegate.swift */,
				D94318622417A28B0015CB89 /* ViewController.swift */,
				D94318642417A28B0015CB89 /* Main.storyboard */,
				D94318672417A28C0015CB89 /* Assets.xcassets */,
				D94318692417A28C0015CB89 /* LaunchScreen.storyboard */,
				D943186C2417A28C0015CB89 /* Info.plist */,
			);
			path = Challenge73BigAsPossibleSquare;
			sourceTree = "<group>";
		};
/* End PBXGroup section */

/* Begin PBXNativeTarget section */
		D943185A2417A28B0015CB89 /* Challenge73BigAsPossibleSquare */ = {
			isa = PBXNativeTarget;
			buildConfigurationList = D943186F2417A28C0015CB89 /* Build configuration list for PBXNativeTarget "Challenge73BigAsPossibleSquare" */;
			buildPhases = (
				D94318572417A28B0015CB89 /* Sources */,
				D94318582417A28B0015CB89 /* Frameworks */,
				D94318592417A28B0015CB89 /* Resources */,
			);
			buildRules = (
			);
			dependencies = (
			);
			name = Challenge73BigAsPossibleSquare;
			productName = Challenge73BigAsPossibleSquare;
			productReference = D943185B2417A28B0015CB89 /* Challenge73BigAsPossibleSquare.app */;
			productType = "com.apple.product-type.application";
		};
/* End PBXNativeTarget section */

/* Begin PBXProject section */
		D94318532417A28B0015CB89 /* Project object */ = {
			isa = PBXProject;
			attributes = {
				LastSwiftUpdateCheck = 1130;
				LastUpgradeCheck = 1130;
				ORGANIZATIONNAME = "Herve Desrosiers";
				TargetAttributes = {
					D943185A2417A28B0015CB89 = {
						CreatedOnToolsVersion = 11.3.1;
					};
				};
			};
			buildConfigurationList = D94318562417A28B0015CB89 /* Build configuration list for PBXProject "Challenge73BigAsPossibleSquare" */;
			compatibilityVersion = "Xcode 9.3";
			developmentRegion = en;
			hasScannedForEncodings = 0;
			knownRegions = (
				en,
				Base,
			);
			mainGroup = D94318522417A28B0015CB89;
			productRefGroup = D943185C2417A28B0015CB89 /* Products */;
			projectDirPath = "";
			projectRoot = "";
			targets = (
				D943185A2417A28B0015CB89 /* Challenge73BigAsPossibleSquare */,
			);
		};
/* End PBXProject section */

/* Begin PBXResourcesBuildPhase section */
		D94318592417A28B0015CB89 /* Resources */ = {
			isa = PBXResourcesBuildPhase;
			buildActionMask = 2147483647;
			files = (
				D943186B2417A28C0015CB89 /* LaunchScreen.storyboard in Resources */,
				D94318682417A28C0015CB89 /* Assets.xcassets in Resources */,
				D94318662417A28B0015CB89 /* Main.storyboard in Resources */,
			);
			runOnlyForDeploymentPostprocessing = 0;
		};
/* End PBXResourcesBuildPhase section */

/* Begin PBXSourcesBuildPhase section */
		D94318572417A28B0015CB89 /* Sources */ = {
			isa = PBXSourcesBuildPhase;
			buildActionMask = 2147483647;
			files = (
				D94318632417A28B0015CB89 /* ViewController.swift in Sources */,
				D943185F2417A28B0015CB89 /* AppDelegate.swift in Sources */,
				D94318612417A28B0015CB89 /* SceneDelegate.swift in Sources */,
			);
			runOnlyForDeploymentPostprocessing = 0;
		};
/* End PBXSourcesBuildPhase section */

/* Begin PBXVariantGroup section */
		D94318642417A28B0015CB89 /* Main.storyboard */ = {
			isa = PBXVariantGroup;
			children = (
				D94318652417A28B0015CB89 /* Base */,
			);
			name = Main.storyboard;
			sourceTree = "<group>";
		};
		D94318692417A28C0015CB89 /* LaunchScreen.storyboard */ = {
			isa = PBXVariantGroup;
			children = (
				D943186A2417A28C0015CB89 /* Base */,
			);
			name = LaunchScreen.storyboard;
			sourceTree = "<group>";
		};
/* End PBXVariantGroup section */

/* Begin XCBuildConfiguration section */
		D943186D2417A28C0015CB89 /* Debug */ = {
			isa = XCBuildConfiguration;
			buildSettings = {
				ALWAYS_SEARCH_USER_PATHS = NO;
				CLANG_ANALYZER_NONNULL = YES;
				CLANG_ANALYZER_NUMBER_OBJECT_CONVERSION = YES_AGGRESSIVE;
				CLANG_CXX_LANGUAGE_STANDARD = "gnu++14";
				CLANG_CXX_LIBRARY = "libc++";
				CLANG_ENABLE_MODULES = YES;
				CLANG_ENABLE_OBJC_ARC = YES;
				CLANG_ENABLE_OBJC_WEAK = YES;
				CLANG_WARN_BLOCK_CAPTURE_AUTORELEASING = YES;
				CLANG_WARN_BOOL_CONVERSION = YES;
				CLANG_WARN_COMMA = YES;
				CLANG_WARN_CONSTANT_CONVERSION = YES;
				CLANG_WARN_DEPRECATED_OBJC_IMPLEMENTATIONS = YES;
				CLANG_WARN_DIRECT_OBJC_ISA_USAGE = YES_ERROR;
				CLANG_WARN_DOCUMENTATION_COMMENTS = YES;
				CLANG_WARN_EMPTY_BODY = YES;
				CLANG_WARN_ENUM_CONVERSION = YES;
				CLANG_WARN_INFINITE_RECURSION = YES;
				CLANG_WARN_INT_CONVERSION = YES;
				CLANG_WARN_NON_LITERAL_NULL_CONVERSION = YES;
				CLANG_WARN_OBJC_IMPLICIT_RETAIN_SELF = YES;
				CLANG_WARN_OBJC_LITERAL_CONVERSION = YES;
				CLANG_WARN_OBJC_ROOT_CLASS = YES_ERROR;
				CLANG_WARN_RANGE_LOOP_ANALYSIS = YES;
				CLANG_WARN_STRICT_PROTOTYPES = YES;
				CLANG_WARN_SUSPICIOUS_MOVE = YES;
				CLANG_WARN_UNGUARDED_AVAILABILITY = YES_AGGRESSIVE;
				CLANG_WARN_UNREACHABLE_CODE = YES;
				CLANG_WARN__DUPLICATE_METHOD_MATCH = YES;
				COPY_PHASE_STRIP = NO;
				DEBUG_INFORMATION_FORMAT = dwarf;
				ENABLE_STRICT_OBJC_MSGSEND = YES;
				ENABLE_TESTABILITY = YES;
				GCC_C_LANGUAGE_STANDARD = gnu11;
				GCC_DYNAMIC_NO_PIC = NO;
				GCC_NO_COMMON_BLOCKS = YES;
				GCC_OPTIMIZATION_LEVEL = 0;
				GCC_PREPROCESSOR_DEFINITIONS = (
					"DEBUG=1",
					"$(inherited)",
				);
				GCC_WARN_64_TO_32_BIT_CONVERSION = YES;
				GCC_WARN_ABOUT_RETURN_TYPE = YES_ERROR;
				GCC_WARN_UNDECLARED_SELECTOR = YES;
				GCC_WARN_UNINITIALIZED_AUTOS = YES_AGGRESSIVE;
				GCC_WARN_UNUSED_FUNCTION = YES;
				GCC_WARN_UNUSED_VARIABLE = YES;
				IPHONEOS_DEPLOYMENT_TARGET = 13.2;
				MTL_ENABLE_DEBUG_INFO = INCLUDE_SOURCE;
				MTL_FAST_MATH = YES;
				ONLY_ACTIVE_ARCH = YES;
				SDKROOT = iphoneos;
				SWIFT_ACTIVE_COMPILATION_CONDITIONS = DEBUG;
				SWIFT_OPTIMIZATION_LEVEL = "-Onone";
			};
			name = Debug;
		};
		D943186E2417A28C0015CB89 /* Release */ = {
			isa = XCBuildConfiguration;
			buildSettings = {
				ALWAYS_SEARCH_USER_PATHS = NO;
				CLANG_ANALYZER_NONNULL = YES;
				CLANG_ANALYZER_NUMBER_OBJECT_CONVERSION = YES_AGGRESSIVE;
				CLANG_CXX_LANGUAGE_STANDARD = "gnu++14";
				CLANG_CXX_LIBRARY = "libc++";
				CLANG_ENABLE_MODULES = YES;
				CLANG_ENABLE_OBJC_ARC = YES;
				CLANG_ENABLE_OBJC_WEAK = YES;
				CLANG_WARN_BLOCK_CAPTURE_AUTORELEASING = YES;
				CLANG_WARN_BOOL_CONVERSION = YES;
				CLANG_WARN_COMMA = YES;
				CLANG_WARN_CONSTANT_CONVERSION = YES;
				CLANG_WARN_DEPRECATED_OBJC_IMPLEMENTATIONS = YES;
				CLANG_WARN_DIRECT_OBJC_ISA_USAGE = YES_ERROR;
				CLANG_WARN_DOCUMENTATION_COMMENTS = YES;
				CLANG_WARN_EMPTY_BODY = YES;
				CLANG_WARN_ENUM_CONVERSION = YES;
				CLANG_WARN_INFINITE_RECURSION = YES;
				CLANG_WARN_INT_CONVERSION = YES;
				CLANG_WARN_NON_LITERAL_NULL_CONVERSION = YES;
				CLANG_WARN_OBJC_IMPLICIT_RETAIN_SELF = YES;
				CLANG_WARN_OBJC_LITERAL_CONVERSION = YES;
				CLANG_WARN_OBJC_ROOT_CLASS = YES_ERROR;
				CLANG_WARN_RANGE_LOOP_ANALYSIS = YES;
				CLANG_WARN_STRICT_PROTOTYPES = YES;
				CLANG_WARN_SUSPICIOUS_MOVE = YES;
				CLANG_WARN_UNGUARDED_AVAILABILITY = YES_AGGRESSIVE;
				CLANG_WARN_UNREACHABLE_CODE = YES;
				CLANG_WARN__DUPLICATE_METHOD_MATCH = YES;
				COPY_PHASE_STRIP = NO;
				DEBUG_INFORMATION_FORMAT = "dwarf-with-dsym";
				ENABLE_NS_ASSERTIONS = NO;
				ENABLE_STRICT_OBJC_MSGSEND = YES;
				GCC_C_LANGUAGE_STANDARD = gnu11;
				GCC_NO_COMMON_BLOCKS = YES;
				GCC_WARN_64_TO_32_BIT_CONVERSION = YES;
				GCC_WARN_ABOUT_RETURN_TYPE = YES_ERROR;
				GCC_WARN_UNDECLARED_SELECTOR = YES;
				GCC_WARN_UNINITIALIZED_AUTOS = YES_AGGRESSIVE;
				GCC_WARN_UNUSED_FUNCTION = YES;
				GCC_WARN_UNUSED_VARIABLE = YES;
				IPHONEOS_DEPLOYMENT_TARGET = 13.2;
				MTL_ENABLE_DEBUG_INFO = NO;
				MTL_FAST_MATH = YES;
				SDKROOT = iphoneos;
				SWIFT_COMPILATION_MODE = wholemodule;
				SWIFT_OPTIMIZATION_LEVEL = "-O";
				VALIDATE_PRODUCT = YES;
			};
			name = Release;
		};
		D94318702417A28C0015CB89 /* Debug */ = {
			isa = XCBuildConfiguration;
			buildSettings = {
				ASSETCATALOG_COMPILER_APPICON_NAME = AppIcon;
				CODE_SIGN_STYLE = Automatic;
				DEVELOPMENT_TEAM = FN5HT59QR2;
				INFOPLIST_FILE = Challenge73BigAsPossibleSquare/Info.plist;
				LD_RUNPATH_SEARCH_PATHS = (
					"$(inherited)",
					"@executable_path/Frameworks",
				);
				PRODUCT_BUNDLE_IDENTIFIER = com.stingray.Challenge73BigAsPossibleSquare;
				PRODUCT_NAME = "$(TARGET_NAME)";
				SWIFT_VERSION = 5.0;
				TARGETED_DEVICE_FAMILY = "1,2";
			};
			name = Debug;
		};
		D94318712417A28C0015CB89 /* Release */ = {
			isa = XCBuildConfiguration;
			buildSettings = {
				ASSETCATALOG_COMPILER_APPICON_NAME = AppIcon;
				CODE_SIGN_STYLE = Automatic;
				DEVELOPMENT_TEAM = FN5HT59QR2;
				INFOPLIST_FILE = Challenge73BigAsPossibleSquare/Info.plist;
				LD_RUNPATH_SEARCH_PATHS = (
					"$(inherited)",
					"@executable_path/Frameworks",
				);
				PRODUCT_BUNDLE_IDENTIFIER = com.stingray.Challenge73BigAsPossibleSquare;
				PRODUCT_NAME = "$(TARGET_NAME)";
				SWIFT_VERSION = 5.0;
				TARGETED_DEVICE_FAMILY = "1,2";
			};
			name = Release;
		};
/* End XCBuildConfiguration section */

/* Begin XCConfigurationList section */
		D94318562417A28B0015CB89 /* Build configuration list for PBXProject "Challenge73BigAsPossibleSquare" */ = {
			isa = XCConfigurationList;
			buildConfigurations = (
				D943186D2417A28C0015CB89 /* Debug */,
				D943186E2417A28C0015CB89 /* Release */,
			);
			defaultConfigurationIsVisible = 0;
			defaultConfigurationName = Release;
		};
		D943186F2417A28C0015CB89 /* Build configuration list for PBXNativeTarget "Challenge73BigAsPossibleSquare" */ = {
			isa = XCConfigurationList;
			buildConfigurations = (
				D94318702417A28C0015CB89 /* Debug */,
				D94318712417A28C0015CB89 /* Release */,
			);
			defaultConfigurationIsVisible = 0;
			defaultConfigurationName = Release;
		};
/* End XCConfigurationList section */
	};
	rootObject = D94318532417A28B0015CB89 /* Project object */;
}
